<?xml version="1.0" encoding="utf-8"?>
<Project ToolsVersion="4.0" xmlns="http://schemas.microsoft.com/developer/msbuild/2003">
  <ItemGroup>
    <ClCompile Include="AREA.CPP">
      <Filter>Source</Filter>
    </ClCompile>
    <ClCompile Include="BASICWIN.CPP">
      <Filter>Source</Filter>
    </ClCompile>
    <ClCompile Include="CALLWIN.CPP">
      <Filter>Source</Filter>
    </ClCompile>
    <ClCompile Include="ChildWin.cpp">
      <Filter>Source</Filter>
    </ClCompile>
    <ClCompile Include="CONTCHLD.CPP">
      <Filter>Source</Filter>
    </ClCompile>
    <ClCompile Include="CONTROLW.CPP">
      <Filter>Source</Filter>
    </ClCompile>
    <ClCompile Include="DEVICE.CPP">
      <Filter>Source</Filter>
    </ClCompile>
    <ClCompile Include="DIALOGWI.CPP">
      <Filter>Source</Filter>
    </ClCompile>
    <ClCompile Include="F_TYPE.CPP">
      <Filter>Source</Filter>
    </ClCompile>
    <ClCompile Include="FONT.CPP">
      <Filter>Source</Filter>
    </ClCompile>
    <ClCompile Include="LISTCONT.CPP">
      <Filter>Source</Filter>
    </ClCompile>
    <ClCompile Include="LSTBCHLD.CPP">
      <Filter>Source</Filter>
    </ClCompile>
    <ClCompile Include="MANAGER.CPP">
      <Filter>Source</Filter>
    </ClCompile>
    <ClCompile Include="MDIWIN.CPP">
      <Filter>Source</Filter>
    </ClCompile>
    <ClCompile Include="POPUP.CPP">
      <Filter>Source</Filter>
    </ClCompile>
    <ClCompile Include="REGEDIT.CPP">
      <Filter>Source</Filter>
    </ClCompile>
    <ClCompile Include="STDDLG.CPP">
      <Filter>Source</Filter>
    </ClCompile>
    <ClCompile Include="STREDIT.CPP">
      <Filter>Source</Filter>
    </ClCompile>
    <ClCompile Include="ToolTip.cpp">
      <Filter>Source</Filter>
    </ClCompile>
    <ClCompile Include="WINAPP.CPP">
      <Filter>Source</Filter>
    </ClCompile>
    <ClCompile Include="WINLIB.CPP">
      <Filter>Source</Filter>
    </ClCompile>
    <ClCompile Include="xmlEditorChild.cpp">
      <Filter>Source</Filter>
    </ClCompile>
    <ClCompile Include="barcode.c">
      <Filter>Source</Filter>
    </ClCompile>
    <ClCompile Include="Layout.cpp">
      <Filter>Source</Filter>
    </ClCompile>
    <ClCompile Include="frame.cpp">
      <Filter>Source</Filter>
    </ClCompile>
    <ClCompile Include="menu.cpp">
      <Filter>Source</Filter>
    </ClCompile>
    <ClCompile Include="gridView.cpp">
      <Filter>Source</Filter>
    </ClCompile>
    <ClCompile Include="scrollFrame.cpp">
      <Filter>Source</Filter>
    </ClCompile>
    <ClCompile Include="resource.cpp">
      <Filter>Source</Filter>
    </ClCompile>
    <ClCompile Include="splash.cpp">
      <Filter>Source</Filter>
    </ClCompile>
    <ClCompile Include="version.cpp">
      <Filter>Source</Filter>
    </ClCompile>
    <ClCompile Include="Processor.cpp">
      <Filter>Source</Filter>
    </ClCompile>
    <ClCompile Include="xmlEditorInternal.cpp">
      <Filter>Source</Filter>
    </ClCompile>
    <ClCompile Include="chartWin.cpp">
      <Filter>Source</Filter>
    </ClCompile>
  </ItemGroup>
  <ItemGroup>
    <ClInclude Include="AREA.H">
      <Filter>Header Files</Filter>
    </ClInclude>
    <ClInclude Include="WINAPP.H">
      <Filter>Header Files</Filter>
    </ClInclude>
    <ClInclude Include="barcode.h">
      <Filter>Header Files</Filter>
    </ClInclude>
    <ClInclude Include="BASICWIN.H">
      <Filter>Header Files</Filter>
    </ClInclude>
    <ClInclude Include="BRUSH.H">
      <Filter>Header Files</Filter>
    </ClInclude>
    <ClInclude Include="CALLWIN.H">
      <Filter>Header Files</Filter>
    </ClInclude>
    <ClInclude Include="ChildWin.h">
      <Filter>Header Files</Filter>
    </ClInclude>
    <ClInclude Include="CONTCHLD.H">
      <Filter>Header Files</Filter>
    </ClInclude>
    <ClInclude Include="CONTROLW.H">
      <Filter>Header Files</Filter>
    </ClInclude>
    <ClInclude Include="DEVICE.H">
      <Filter>Header Files</Filter>
    </ClInclude>
    <ClInclude Include="DIALOGWI.H">
      <Filter>Header Files</Filter>
    </ClInclude>
    <ClInclude Include="EDITCHLD.H">
      <Filter>Header Files</Filter>
    </ClInclude>
    <ClInclude Include="F_TYPE.H">
      <Filter>Header Files</Filter>
    </ClInclude>
    <ClInclude Include="FONT.H">
      <Filter>Header Files</Filter>
    </ClInclude>
    <ClInclude Include="LISTCONT.H">
      <Filter>Header Files</Filter>
    </ClInclude>
    <ClInclude Include="LSTBCHLD.H">
      <Filter>Header Files</Filter>
    </ClInclude>
    <ClInclude Include="MANAGER.H">
      <Filter>Header Files</Filter>
    </ClInclude>
    <ClInclude Include="MDIWIN.H">
      <Filter>Header Files</Filter>
    </ClInclude>
    <ClInclude Include="OLESRVR.H">
      <Filter>Header Files</Filter>
    </ClInclude>
    <ClInclude Include="POPUP.H">
      <Filter>Header Files</Filter>
    </ClInclude>
    <ClInclude Include="RAW_DATA.H">
      <Filter>Header Files</Filter>
    </ClInclude>
    <ClInclude Include="REGEDIT.H">
      <Filter>Header Files</Filter>
    </ClInclude>
    <ClInclude Include="STDDLG.H">
      <Filter>Header Files</Filter>
    </ClInclude>
    <ClInclude Include="STREDIT.H">
      <Filter>Header Files</Filter>
    </ClInclude>
    <ClInclude Include="TOOLTIP.H">
      <Filter>Header Files</Filter>
    </ClInclude>
    <ClInclude Include="WINLIB.H">
      <Filter>Header Files</Filter>
    </ClInclude>
    <ClInclude Include="xmlEditorChild.h">
      <Filter>Header Files</Filter>
    </ClInclude>
    <ClInclude Include="Layout.h">
      <Filter>Header Files</Filter>
    </ClInclude>
    <ClInclude Include="frame.h">
      <Filter>Header Files</Filter>
    </ClInclude>
    <ClInclude Include="Menu.h">
      <Filter>Header Files</Filter>
    </ClInclude>
    <ClInclude Include="rectangle.h">
      <Filter>Header Files</Filter>
    </ClInclude>
    <ClInclude Include="gdi.h">
      <Filter>Header Files</Filter>
    </ClInclude>
    <ClInclude Include="pen.h">
      <Filter>Header Files</Filter>
    </ClInclude>
    <ClInclude Include="bitmap.h">
      <Filter>Header Files</Filter>
    </ClInclude>
    <ClInclude Include="palette.h">
      <Filter>Header Files</Filter>
    </ClInclude>
    <ClInclude Include="gridView.h">
      <Filter>Header Files</Filter>
    </ClInclude>
    <ClInclude Include="resourceTags.h">
      <Filter>Header Files</Filter>
    </ClInclude>
    <ClInclude Include="scrollFrame.h">
      <Filter>Header Files</Filter>
    </ClInclude>
    <ClInclude Include="resource.h">
      <Filter>Header Files</Filter>
    </ClInclude>
    <ClInclude Include="accelerators.h">
      <Filter>Header Files</Filter>
    </ClInclude>
    <ClInclude Include="version.h">
      <Filter>Header Files</Filter>
    </ClInclude>
    <ClInclude Include="messages.h">
      <Filter>Header Files</Filter>
    </ClInclude>
    <ClInclude Include="AsyncThread.h">
      <Filter>Header Files</Filter>
    </ClInclude>
    <ClInclude Include="Processor.h">
      <Filter>Header Files</Filter>
    </ClInclude>
    <ClInclude Include="chartWin.h">
      <Filter>Header Files</Filter>
    </ClInclude>
    <ClInclude Include="colors.h">
      <Filter>Header Files</Filter>
    </ClInclude>
  </ItemGroup>
  <ItemGroup>
    <Filter Include="Source">
      <UniqueIdentifier>{23f62fa1-58bd-41b8-bd85-3e3cfcd93c06}</UniqueIdentifier>
      <Extensions>cpp</Extensions>
    </Filter>
    <Filter Include="Header Files">
      <UniqueIdentifier>{2f3afb65-c430-4af9-ac52-eeac6c628acf}</UniqueIdentifier>
      <Extensions>H</Extensions>
    </Filter>
  </ItemGroup>
</Project>